
Microsoft Visual Studio Solution File, Format Version 12.00
# Visual Studio Version 17
VisualStudioVersion = 17.0.31903.59
MinimumVisualStudioVersion = 10.0.40219.1
Project("{FAE04EC0-301F-11D3-BF4B-00C04F79EFBC}") = "OrderModels", "OrderModels\OrderModels.csproj", "{B2EF8776-1ACC-4CFB-A379-0BEFCF8BC7AF}"
EndProject
Project("{FAE04EC0-301F-11D3-BF4B-00C04F79EFBC}") = "OrderApi", "OrderApi\OrderApi.csproj", "{1ACE23A8-52D1-464A-9956-ADCCE2B20CD0}"
EndProject
Project("{FAE04EC0-301F-11D3-BF4B-00C04F79EFBC}") = "OrderWorker", "OrderWorker\OrderWorker.csproj", "{C112A678-5EE1-4486-BB74-6D19241D1899}"
EndProject
Global
	GlobalSection(SolutionConfigurationPlatforms) = preSolution
		Debug|Any CPU = Debug|Any CPU
		Release|Any CPU = Release|Any CPU
	EndGlobalSection
	GlobalSection(SolutionProperties) = preSolution
		HideSolutionNode = FALSE
	EndGlobalSection
	GlobalSection(ProjectConfigurationPlatforms) = postSolution
		{B2EF8776-1ACC-4CFB-A379-0BEFCF8BC7AF}.Debug|Any CPU.ActiveCfg = Debug|Any CPU
		{B2EF8776-1ACC-4CFB-A379-0BEFCF8BC7AF}.Debug|Any CPU.Build.0 = Debug|Any CPU
		{B2EF8776-1ACC-4CFB-A379-0BEFCF8BC7AF}.Release|Any CPU.ActiveCfg = Release|Any CPU
		{B2EF8776-1ACC-4CFB-A379-0BEFCF8BC7AF}.Release|Any CPU.Build.0 = Release|Any CPU
		{1ACE23A8-52D1-464A-9956-ADCCE2B20CD0}.Debug|Any CPU.ActiveCfg = Debug|Any CPU
		{1ACE23A8-52D1-464A-9956-ADCCE2B20CD0}.Debug|Any CPU.Build.0 = Debug|Any CPU
		{1ACE23A8-52D1-464A-9956-ADCCE2B20CD0}.Release|Any CPU.ActiveCfg = Release|Any CPU
		{1ACE23A8-52D1-464A-9956-ADCCE2B20CD0}.Release|Any CPU.Build.0 = Release|Any CPU
		{C112A678-5EE1-4486-BB74-6D19241D1899}.Debug|Any CPU.ActiveCfg = Debug|Any CPU
		{C112A678-5EE1-4486-BB74-6D19241D1899}.Debug|Any CPU.Build.0 = Debug|Any CPU
		{C112A678-5EE1-4486-BB74-6D19241D1899}.Release|Any CPU.ActiveCfg = Release|Any CPU
		{C112A678-5EE1-4486-BB74-6D19241D1899}.Release|Any CPU.Build.0 = Release|Any CPU
	EndGlobalSection
EndGlobal
